// !$*UTF8*$!
{
	archiveVersion = 1;
	classes = {
	};
	objectVersion = 52;
	objects = {

/* Begin PBXBuildFile section */
		4434DF62240431790086799B /* Endpoint.swift in Sources */ = {isa = PBXBuildFile; fileRef = 4434DF61240431790086799B /* Endpoint.swift */; };
		4434DF642404331F0086799B /* Client.swift in Sources */ = {isa = PBXBuildFile; fileRef = 4434DF632404331F0086799B /* Client.swift */; };
		44390672240BE6F600EDAF29 /* Alamofire in Frameworks */ = {isa = PBXBuildFile; productRef = 44390671240BE6F600EDAF29 /* Alamofire */; };
		44935CFC240BE71E00173112 /* main.swift in Sources */ = {isa = PBXBuildFile; fileRef = 44935CFB240BE71E00173112 /* main.swift */; };
		44935CFE240C3C3900173112 /* AlamofireClient.swift in Sources */ = {isa = PBXBuildFile; fileRef = 44935CFD240C3C3900173112 /* AlamofireClient.swift */; };
		44935D00240C41A600173112 /* AlamofireClient2.swift in Sources */ = {isa = PBXBuildFile; fileRef = 44935CFF240C41A600173112 /* AlamofireClient2.swift */; };
		44935D04240C513E00173112 /* AlamofireClient3.swift in Sources */ = {isa = PBXBuildFile; fileRef = 44935D03240C513D00173112 /* AlamofireClient3.swift */; };
		44935D06240C610300173112 /* Expressible.swift in Sources */ = {isa = PBXBuildFile; fileRef = 44935D05240C610300173112 /* Expressible.swift */; };
		44935D08240C64C900173112 /* Encoding.swift in Sources */ = {isa = PBXBuildFile; fileRef = 44935D07240C64C900173112 /* Encoding.swift */; };
		44935D0A240CE57800173112 /* AlamofireClient4.swift in Sources */ = {isa = PBXBuildFile; fileRef = 44935D09240CE57800173112 /* AlamofireClient4.swift */; };
/* End PBXBuildFile section */

/* Begin PBXCopyFilesBuildPhase section */
		4434DF55240430CB0086799B /* CopyFiles */ = {
			isa = PBXCopyFilesBuildPhase;
			buildActionMask = 2147483647;
			dstPath = /usr/share/man/man1/;
			dstSubfolderSpec = 0;
			files = (
			);
			runOnlyForDeploymentPostprocessing = 1;
		};
/* End PBXCopyFilesBuildPhase section */

/* Begin PBXFileReference section */
		4434DF57240430CB0086799B /* Network */ = {isa = PBXFileReference; explicitFileType = "compiled.mach-o.executable"; includeInIndex = 0; path = Network; sourceTree = BUILT_PRODUCTS_DIR; };
		4434DF5A240430CB0086799B /* main3.swift */ = {isa = PBXFileReference; lastKnownFileType = sourcecode.swift; path = main3.swift; sourceTree = "<group>"; };
		4434DF61240431790086799B /* Endpoint.swift */ = {isa = PBXFileReference; lastKnownFileType = sourcecode.swift; path = Endpoint.swift; sourceTree = "<group>"; };
		4434DF632404331F0086799B /* Client.swift */ = {isa = PBXFileReference; lastKnownFileType = sourcecode.swift; path = Client.swift; sourceTree = "<group>"; };
		44935CFB240BE71E00173112 /* main.swift */ = {isa = PBXFileReference; lastKnownFileType = sourcecode.swift; path = main.swift; sourceTree = "<group>"; };
		44935CFD240C3C3900173112 /* AlamofireClient.swift */ = {isa = PBXFileReference; lastKnownFileType = sourcecode.swift; path = AlamofireClient.swift; sourceTree = "<group>"; };
		44935CFF240C41A600173112 /* AlamofireClient2.swift */ = {isa = PBXFileReference; lastKnownFileType = sourcecode.swift; path = AlamofireClient2.swift; sourceTree = "<group>"; };
		44935D03240C513D00173112 /* AlamofireClient3.swift */ = {isa = PBXFileReference; lastKnownFileType = sourcecode.swift; path = AlamofireClient3.swift; sourceTree = "<group>"; };
		44935D05240C610300173112 /* Expressible.swift */ = {isa = PBXFileReference; lastKnownFileType = sourcecode.swift; path = Expressible.swift; sourceTree = "<group>"; };
		44935D07240C64C900173112 /* Encoding.swift */ = {isa = PBXFileReference; lastKnownFileType = sourcecode.swift; path = Encoding.swift; sourceTree = "<group>"; };
		44935D09240CE57800173112 /* AlamofireClient4.swift */ = {isa = PBXFileReference; lastKnownFileType = sourcecode.swift; path = AlamofireClient4.swift; sourceTree = "<group>"; };
/* End PBXFileReference section */

/* Begin PBXFrameworksBuildPhase section */
		4434DF54240430CB0086799B /* Frameworks */ = {
			isa = PBXFrameworksBuildPhase;
			buildActionMask = 2147483647;
			files = (
				44390672240BE6F600EDAF29 /* Alamofire in Frameworks */,
			);
			runOnlyForDeploymentPostprocessing = 0;
		};
/* End PBXFrameworksBuildPhase section */

/* Begin PBXGroup section */
		4434DF4E240430CB0086799B = {
			isa = PBXGroup;
			children = (
				4434DF59240430CB0086799B /* Network */,
				4434DF58240430CB0086799B /* Products */,
			);
			sourceTree = "<group>";
		};
		4434DF58240430CB0086799B /* Products */ = {
			isa = PBXGroup;
			children = (
				4434DF57240430CB0086799B /* Network */,
			);
			name = Products;
			sourceTree = "<group>";
		};
		4434DF59240430CB0086799B /* Network */ = {
			isa = PBXGroup;
			children = (
				4434DF5A240430CB0086799B /* main3.swift */,
				44935CFB240BE71E00173112 /* main.swift */,
				44935CFD240C3C3900173112 /* AlamofireClient.swift */,
				44935CFF240C41A600173112 /* AlamofireClient2.swift */,
				44935D03240C513D00173112 /* AlamofireClient3.swift */,
				44935D09240CE57800173112 /* AlamofireClient4.swift */,
				4434DF61240431790086799B /* Endpoint.swift */,
				4434DF632404331F0086799B /* Client.swift */,
				44935D05240C610300173112 /* Expressible.swift */,
				44935D07240C64C900173112 /* Encoding.swift */,
			);
			path = Network;
			sourceTree = "<group>";
		};
/* End PBXGroup section */

/* Begin PBXNativeTarget section */
		4434DF56240430CB0086799B /* Network */ = {
			isa = PBXNativeTarget;
			buildConfigurationList = 4434DF5E240430CB0086799B /* Build configuration list for PBXNativeTarget "Network" */;
			buildPhases = (
				4434DF53240430CB0086799B /* Sources */,
				4434DF54240430CB0086799B /* Frameworks */,
				4434DF55240430CB0086799B /* CopyFiles */,
			);
			buildRules = (
			);
			dependencies = (
			);
			name = Network;
			packageProductDependencies = (
				44390671240BE6F600EDAF29 /* Alamofire */,
			);
			productName = Network;
			productReference = 4434DF57240430CB0086799B /* Network */;
			productType = "com.apple.product-type.tool";
		};
/* End PBXNativeTarget section */

/* Begin PBXProject section */
		4434DF4F240430CB0086799B /* Project object */ = {
			isa = PBXProject;
			attributes = {
				LastSwiftUpdateCheck = 1130;
				LastUpgradeCheck = 1130;
				ORGANIZATIONNAME = "Ruslan Kavetsky";
				TargetAttributes = {
					4434DF56240430CB0086799B = {
						CreatedOnToolsVersion = 11.3.1;
					};
				};
			};
			buildConfigurationList = 4434DF52240430CB0086799B /* Build configuration list for PBXProject "Network" */;
			compatibilityVersion = "Xcode 9.3";
			developmentRegion = en;
			hasScannedForEncodings = 0;
			knownRegions = (
				en,
				Base,
			);
			mainGroup = 4434DF4E240430CB0086799B;
			packageReferences = (
				44390670240BE6F600EDAF29 /* XCRemoteSwiftPackageReference "Alamofire" */,
			);
			productRefGroup = 4434DF58240430CB0086799B /* Products */;
			projectDirPath = "";
			projectRoot = "";
			targets = (
				4434DF56240430CB0086799B /* Network */,
			);
		};
/* End PBXProject section */

/* Begin PBXSourcesBuildPhase section */
		4434DF53240430CB0086799B /* Sources */ = {
			isa = PBXSourcesBuildPhase;
			buildActionMask = 2147483647;
			files = (
				44935D08240C64C900173112 /* Encoding.swift in Sources */,
				44935D04240C513E00173112 /* AlamofireClient3.swift in Sources */,
				44935D06240C610300173112 /* Expressible.swift in Sources */,
				44935CFC240BE71E00173112 /* main.swift in Sources */,
				44935D0A240CE57800173112 /* AlamofireClient4.swift in Sources */,
				44935D00240C41A600173112 /* AlamofireClient2.swift in Sources */,
				4434DF62240431790086799B /* Endpoint.swift in Sources */,
				4434DF642404331F0086799B /* Client.swift in Sources */,
				44935CFE240C3C3900173112 /* AlamofireClient.swift in Sources */,
			);
			runOnlyForDeploymentPostprocessing = 0;
		};
/* End PBXSourcesBuildPhase section */

/* Begin XCBuildConfiguration section */
		4434DF5C240430CB0086799B /* Debug */ = {
			isa = XCBuildConfiguration;
			buildSettings = {
				ALWAYS_SEARCH_USER_PATHS = NO;
				CLANG_ANALYZER_NONNULL = YES;
				CLANG_ANALYZER_NUMBER_OBJECT_CONVERSION = YES_AGGRESSIVE;
				CLANG_CXX_LANGUAGE_STANDARD = "gnu++14";
				CLANG_CXX_LIBRARY = "libc++";
				CLANG_ENABLE_MODULES = YES;
				CLANG_ENABLE_OBJC_ARC = YES;
				CLANG_ENABLE_OBJC_WEAK = YES;
				CLANG_WARN_BLOCK_CAPTURE_AUTORELEASING = YES;
				CLANG_WARN_BOOL_CONVERSION = YES;
				CLANG_WARN_COMMA = YES;
				CLANG_WARN_CONSTANT_CONVERSION = YES;
				CLANG_WARN_DEPRECATED_OBJC_IMPLEMENTATIONS = YES;
				CLANG_WARN_DIRECT_OBJC_ISA_USAGE = YES_ERROR;
				CLANG_WARN_DOCUMENTATION_COMMENTS = YES;
				CLANG_WARN_EMPTY_BODY = YES;
				CLANG_WARN_ENUM_CONVERSION = YES;
				CLANG_WARN_INFINITE_RECURSION = YES;
				CLANG_WARN_INT_CONVERSION = YES;
				CLANG_WARN_NON_LITERAL_NULL_CONVERSION = YES;
				CLANG_WARN_OBJC_IMPLICIT_RETAIN_SELF = YES;
				CLANG_WARN_OBJC_LITERAL_CONVERSION = YES;
				CLANG_WARN_OBJC_ROOT_CLASS = YES_ERROR;
				CLANG_WARN_RANGE_LOOP_ANALYSIS = YES;
				CLANG_WARN_STRICT_PROTOTYPES = YES;
				CLANG_WARN_SUSPICIOUS_MOVE = YES;
				CLANG_WARN_UNGUARDED_AVAILABILITY = YES_AGGRESSIVE;
				CLANG_WARN_UNREACHABLE_CODE = YES;
				CLANG_WARN__DUPLICATE_METHOD_MATCH = YES;
				COPY_PHASE_STRIP = NO;
				DEBUG_INFORMATION_FORMAT = dwarf;
				ENABLE_STRICT_OBJC_MSGSEND = YES;
				ENABLE_TESTABILITY = YES;
				GCC_C_LANGUAGE_STANDARD = gnu11;
				GCC_DYNAMIC_NO_PIC = NO;
				GCC_NO_COMMON_BLOCKS = YES;
				GCC_OPTIMIZATION_LEVEL = 0;
				GCC_PREPROCESSOR_DEFINITIONS = (
					"DEBUG=1",
					"$(inherited)",
				);
				GCC_WARN_64_TO_32_BIT_CONVERSION = YES;
				GCC_WARN_ABOUT_RETURN_TYPE = YES_ERROR;
				GCC_WARN_UNDECLARED_SELECTOR = YES;
				GCC_WARN_UNINITIALIZED_AUTOS = YES_AGGRESSIVE;
				GCC_WARN_UNUSED_FUNCTION = YES;
				GCC_WARN_UNUSED_VARIABLE = YES;
				MACOSX_DEPLOYMENT_TARGET = 10.15;
				MTL_ENABLE_DEBUG_INFO = INCLUDE_SOURCE;
				MTL_FAST_MATH = YES;
				ONLY_ACTIVE_ARCH = YES;
				SDKROOT = macosx;
				SWIFT_ACTIVE_COMPILATION_CONDITIONS = DEBUG;
				SWIFT_OPTIMIZATION_LEVEL = "-Onone";
			};
			name = Debug;
		};
		4434DF5D240430CB0086799B /* Release */ = {
			isa = XCBuildConfiguration;
			buildSettings = {
				ALWAYS_SEARCH_USER_PATHS = NO;
				CLANG_ANALYZER_NONNULL = YES;
				CLANG_ANALYZER_NUMBER_OBJECT_CONVERSION = YES_AGGRESSIVE;
				CLANG_CXX_LANGUAGE_STANDARD = "gnu++14";
				CLANG_CXX_LIBRARY = "libc++";
				CLANG_ENABLE_MODULES = YES;
				CLANG_ENABLE_OBJC_ARC = YES;
				CLANG_ENABLE_OBJC_WEAK = YES;
				CLANG_WARN_BLOCK_CAPTURE_AUTORELEASING = YES;
				CLANG_WARN_BOOL_CONVERSION = YES;
				CLANG_WARN_COMMA = YES;
				CLANG_WARN_CONSTANT_CONVERSION = YES;
				CLANG_WARN_DEPRECATED_OBJC_IMPLEMENTATIONS = YES;
				CLANG_WARN_DIRECT_OBJC_ISA_USAGE = YES_ERROR;
				CLANG_WARN_DOCUMENTATION_COMMENTS = YES;
				CLANG_WARN_EMPTY_BODY = YES;
				CLANG_WARN_ENUM_CONVERSION = YES;
				CLANG_WARN_INFINITE_RECURSION = YES;
				CLANG_WARN_INT_CONVERSION = YES;
				CLANG_WARN_NON_LITERAL_NULL_CONVERSION = YES;
				CLANG_WARN_OBJC_IMPLICIT_RETAIN_SELF = YES;
				CLANG_WARN_OBJC_LITERAL_CONVERSION = YES;
				CLANG_WARN_OBJC_ROOT_CLASS = YES_ERROR;
				CLANG_WARN_RANGE_LOOP_ANALYSIS = YES;
				CLANG_WARN_STRICT_PROTOTYPES = YES;
				CLANG_WARN_SUSPICIOUS_MOVE = YES;
				CLANG_WARN_UNGUARDED_AVAILABILITY = YES_AGGRESSIVE;
				CLANG_WARN_UNREACHABLE_CODE = YES;
				CLANG_WARN__DUPLICATE_METHOD_MATCH = YES;
				COPY_PHASE_STRIP = NO;
				DEBUG_INFORMATION_FORMAT = "dwarf-with-dsym";
				ENABLE_NS_ASSERTIONS = NO;
				ENABLE_STRICT_OBJC_MSGSEND = YES;
				GCC_C_LANGUAGE_STANDARD = gnu11;
				GCC_NO_COMMON_BLOCKS = YES;
				GCC_WARN_64_TO_32_BIT_CONVERSION = YES;
				GCC_WARN_ABOUT_RETURN_TYPE = YES_ERROR;
				GCC_WARN_UNDECLARED_SELECTOR = YES;
				GCC_WARN_UNINITIALIZED_AUTOS = YES_AGGRESSIVE;
				GCC_WARN_UNUSED_FUNCTION = YES;
				GCC_WARN_UNUSED_VARIABLE = YES;
				MACOSX_DEPLOYMENT_TARGET = 10.15;
				MTL_ENABLE_DEBUG_INFO = NO;
				MTL_FAST_MATH = YES;
				SDKROOT = macosx;
				SWIFT_COMPILATION_MODE = wholemodule;
				SWIFT_OPTIMIZATION_LEVEL = "-O";
			};
			name = Release;
		};
		4434DF5F240430CB0086799B /* Debug */ = {
			isa = XCBuildConfiguration;
			buildSettings = {
				CODE_SIGN_STYLE = Automatic;
				DEVELOPMENT_TEAM = BGK24DYJDG;
				ENABLE_HARDENED_RUNTIME = YES;
				PRODUCT_NAME = "$(TARGET_NAME)";
				SWIFT_VERSION = 5.0;
			};
			name = Debug;
		};
		4434DF60240430CB0086799B /* Release */ = {
			isa = XCBuildConfiguration;
			buildSettings = {
				CODE_SIGN_STYLE = Automatic;
				DEVELOPMENT_TEAM = BGK24DYJDG;
				ENABLE_HARDENED_RUNTIME = YES;
				PRODUCT_NAME = "$(TARGET_NAME)";
				SWIFT_VERSION = 5.0;
			};
			name = Release;
		};
/* End XCBuildConfiguration section */

/* Begin XCConfigurationList section */
		4434DF52240430CB0086799B /* Build configuration list for PBXProject "Network" */ = {
			isa = XCConfigurationList;
			buildConfigurations = (
				4434DF5C240430CB0086799B /* Debug */,
				4434DF5D240430CB0086799B /* Release */,
			);
			defaultConfigurationIsVisible = 0;
			defaultConfigurationName = Release;
		};
		4434DF5E240430CB0086799B /* Build configuration list for PBXNativeTarget "Network" */ = {
			isa = XCConfigurationList;
			buildConfigurations = (
				4434DF5F240430CB0086799B /* Debug */,
				4434DF60240430CB0086799B /* Release */,
			);
			defaultConfigurationIsVisible = 0;
			defaultConfigurationName = Release;
		};
/* End XCConfigurationList section */

/* Begin XCRemoteSwiftPackageReference section */
		44390670240BE6F600EDAF29 /* XCRemoteSwiftPackageReference "Alamofire" */ = {
			isa = XCRemoteSwiftPackageReference;
			repositoryURL = "https://github.com/Alamofire/Alamofire";
			requirement = {
				kind = upToNextMajorVersion;
				minimumVersion = 5.0.2;
			};
		};
/* End XCRemoteSwiftPackageReference section */

/* Begin XCSwiftPackageProductDependency section */
		44390671240BE6F600EDAF29 /* Alamofire */ = {
			isa = XCSwiftPackageProductDependency;
			package = 44390670240BE6F600EDAF29 /* XCRemoteSwiftPackageReference "Alamofire" */;
			productName = Alamofire;
		};
/* End XCSwiftPackageProductDependency section */
	};
	rootObject = 4434DF4F240430CB0086799B /* Project object */;
}
